# This file is autogenerated, do not edit; changes may be undone by the next 'dep ensure'.


[[projects]]
  name = "github.com/google/gopacket"
  packages = [
    ".",
    "layers",
    "pcap"
  ]
  revision = "11c65f1ca9081dfea43b4f9643f5c155583b73ba"
  version = "v1.1.14"

[[projects]]
  name = "github.com/malfunkt/iprange"
  packages = ["."]
  revision = "3a31f5ed42d2d8a1fc46f1be91fd693bdef2dd52"
  version = "v0.9.0"

[[projects]]
  name = "github.com/pkg/errors"
  packages = ["."]
  revision = "645ef00459ed84a119197bfb8d8205042c6df63d"
  version = "v0.8.0"

[solve-meta]
  analyzer-name = "dep"
  analyzer-version = 1
  inputs-digest = "69c13ff897823044ab20d1a689feb044dbfeae383edf64ba1fa1974f700f32c8"
  solver-name = "gps-cdcl"
  solver-version = 1
